
Microsoft Visual Studio Solution File, Format Version 12.00
# Visual Studio Version 16
VisualStudioVersion = 16.0.30907.101
MinimumVisualStudioVersion = 10.0.40219.1
Project("{9A19103F-16F7-4668-BE54-9A1E7A4F7556}") = "API", "API\API.csproj", "{0988CA3F-E3D8-4A13-A078-152857FE343C}"
EndProject
Project("{9A19103F-16F7-4668-BE54-9A1E7A4F7556}") = "Application", "Core\Application.csproj", "{CE2B4043-D195-440C-975B-E39B9B4F0C57}"
EndProject
Project("{9A19103F-16F7-4668-BE54-9A1E7A4F7556}") = "Domain", "Domain\Domain.csproj", "{4D443428-AD67-48B0-A815-DD2B28BF2FD3}"
EndProject
Project("{9A19103F-16F7-4668-BE54-9A1E7A4F7556}") = "Infrastructure", "Infrastructure\Infrastructure.csproj", "{4EFB663B-82A6-4B87-B4FB-BA47F1DE617C}"
EndProject
Global
	GlobalSection(SolutionConfigurationPlatforms) = preSolution
		Debug|Any CPU = Debug|Any CPU
		Release|Any CPU = Release|Any CPU
	EndGlobalSection
	GlobalSection(ProjectConfigurationPlatforms) = postSolution
		{0988CA3F-E3D8-4A13-A078-152857FE343C}.Debug|Any CPU.ActiveCfg = Debug|Any CPU
		{0988CA3F-E3D8-4A13-A078-152857FE343C}.Debug|Any CPU.Build.0 = Debug|Any CPU
		{0988CA3F-E3D8-4A13-A078-152857FE343C}.Release|Any CPU.ActiveCfg = Release|Any CPU
		{0988CA3F-E3D8-4A13-A078-152857FE343C}.Release|Any CPU.Build.0 = Release|Any CPU
		{CE2B4043-D195-440C-975B-E39B9B4F0C57}.Debug|Any CPU.ActiveCfg = Debug|Any CPU
		{CE2B4043-D195-440C-975B-E39B9B4F0C57}.Debug|Any CPU.Build.0 = Debug|Any CPU
		{CE2B4043-D195-440C-975B-E39B9B4F0C57}.Release|Any CPU.ActiveCfg = Release|Any CPU
		{CE2B4043-D195-440C-975B-E39B9B4F0C57}.Release|Any CPU.Build.0 = Release|Any CPU
		{4D443428-AD67-48B0-A815-DD2B28BF2FD3}.Debug|Any CPU.ActiveCfg = Debug|Any CPU
		{4D443428-AD67-48B0-A815-DD2B28BF2FD3}.Debug|Any CPU.Build.0 = Debug|Any CPU
		{4D443428-AD67-48B0-A815-DD2B28BF2FD3}.Release|Any CPU.ActiveCfg = Release|Any CPU
		{4D443428-AD67-48B0-A815-DD2B28BF2FD3}.Release|Any CPU.Build.0 = Release|Any CPU
		{4EFB663B-82A6-4B87-B4FB-BA47F1DE617C}.Debug|Any CPU.ActiveCfg = Debug|Any CPU
		{4EFB663B-82A6-4B87-B4FB-BA47F1DE617C}.Debug|Any CPU.Build.0 = Debug|Any CPU
		{4EFB663B-82A6-4B87-B4FB-BA47F1DE617C}.Release|Any CPU.ActiveCfg = Release|Any CPU
		{4EFB663B-82A6-4B87-B4FB-BA47F1DE617C}.Release|Any CPU.Build.0 = Release|Any CPU
	EndGlobalSection
	GlobalSection(SolutionProperties) = preSolution
		HideSolutionNode = FALSE
	EndGlobalSection
	GlobalSection(ExtensibilityGlobals) = postSolution
		SolutionGuid = {1DBBCB63-0198-4E97-9BBB-1F026FBA5057}
	EndGlobalSection
EndGlobal
